
Microsoft Visual Studio Solution File, Format Version 12.00
# Visual Studio Version 17
VisualStudioVersion = 17.1.32414.318
MinimumVisualStudioVersion = 10.0.40219.1
Project("{FAE04EC0-301F-11D3-BF4B-00C04F79EFBC}") = "WFP_app_oaip", "WFP_app_oaip.csproj", "{953AA134-1D74-4CB2-84A0-29CA7EC93B94}"
EndProject
Global
	GlobalSection(SolutionConfigurationPlatforms) = preSolution
		Debug|Any CPU = Debug|Any CPU
		Release|Any CPU = Release|Any CPU
	EndGlobalSection
	GlobalSection(ProjectConfigurationPlatforms) = postSolution
		{953AA134-1D74-4CB2-84A0-29CA7EC93B94}.Debug|Any CPU.ActiveCfg = Debug|Any CPU
		{953AA134-1D74-4CB2-84A0-29CA7EC93B94}.Debug|Any CPU.Build.0 = Debug|Any CPU
		{953AA134-1D74-4CB2-84A0-29CA7EC93B94}.Release|Any CPU.ActiveCfg = Release|Any CPU
		{953AA134-1D74-4CB2-84A0-29CA7EC93B94}.Release|Any CPU.Build.0 = Release|Any CPU
	EndGlobalSection
	GlobalSection(SolutionProperties) = preSolution
		HideSolutionNode = FALSE
	EndGlobalSection
	GlobalSection(ExtensibilityGlobals) = postSolution
		SolutionGuid = {26505EF2-7DC5-4C1D-B450-E0A0D8D9D0EF}
	EndGlobalSection
EndGlobal
