
Microsoft Visual Studio Solution File, Format Version 12.00
# Visual Studio Version 16
VisualStudioVersion = 16.0.31702.278
MinimumVisualStudioVersion = 10.0.40219.1
Project("{FAE04EC0-301F-11D3-BF4B-00C04F79EFBC}") = "OAIP3004", "OAIP3004.csproj", "{7BD3EF37-4335-4AEB-A2E5-FB5742788BAD}"
EndProject
Global
	GlobalSection(SolutionConfigurationPlatforms) = preSolution
		Debug|Any CPU = Debug|Any CPU
		Release|Any CPU = Release|Any CPU
	EndGlobalSection
	GlobalSection(ProjectConfigurationPlatforms) = postSolution
		{7BD3EF37-4335-4AEB-A2E5-FB5742788BAD}.Debug|Any CPU.ActiveCfg = Debug|Any CPU
		{7BD3EF37-4335-4AEB-A2E5-FB5742788BAD}.Debug|Any CPU.Build.0 = Debug|Any CPU
		{7BD3EF37-4335-4AEB-A2E5-FB5742788BAD}.Release|Any CPU.ActiveCfg = Release|Any CPU
		{7BD3EF37-4335-4AEB-A2E5-FB5742788BAD}.Release|Any CPU.Build.0 = Release|Any CPU
	EndGlobalSection
	GlobalSection(SolutionProperties) = preSolution
		HideSolutionNode = FALSE
	EndGlobalSection
	GlobalSection(ExtensibilityGlobals) = postSolution
		SolutionGuid = {FE63EC8B-0069-4841-BCB2-A0208EA2A637}
	EndGlobalSection
EndGlobal
